// !$*UTF8*$!
{
	archiveVersion = 1;
	classes = {
	};
	objectVersion = 46;
	objects = {

/* Begin PBXBuildFile section */
		3D40575919D670CB000BBBC4 /* AppDelegate.swift in Sources */ = {isa = PBXBuildFile; fileRef = 3D40575819D670CB000BBBC4 /* AppDelegate.swift */; };
		3D40575B19D670CB000BBBC4 /* ViewController.swift in Sources */ = {isa = PBXBuildFile; fileRef = 3D40575A19D670CB000BBBC4 /* ViewController.swift */; };
		3D40575E19D670CB000BBBC4 /* Main.storyboard in Resources */ = {isa = PBXBuildFile; fileRef = 3D40575C19D670CB000BBBC4 /* Main.storyboard */; };
		3D40576019D670CB000BBBC4 /* Images.xcassets in Resources */ = {isa = PBXBuildFile; fileRef = 3D40575F19D670CB000BBBC4 /* Images.xcassets */; };
		3D40576319D670CB000BBBC4 /* LaunchScreen.xib in Resources */ = {isa = PBXBuildFile; fileRef = 3D40576119D670CB000BBBC4 /* LaunchScreen.xib */; };
		3D40576F19D670CB000BBBC4 /* HexagonWaveTests.swift in Sources */ = {isa = PBXBuildFile; fileRef = 3D40576E19D670CB000BBBC4 /* HexagonWaveTests.swift */; };
/* End PBXBuildFile section */

/* Begin PBXContainerItemProxy section */
		3D40576919D670CB000BBBC4 /* PBXContainerItemProxy */ = {
			isa = PBXContainerItemProxy;
			containerPortal = 3D40574B19D670CB000BBBC4 /* Project object */;
			proxyType = 1;
			remoteGlobalIDString = 3D40575219D670CB000BBBC4;
			remoteInfo = HexagonWave;
		};
/* End PBXContainerItemProxy section */

/* Begin PBXFileReference section */
		3D40575319D670CB000BBBC4 /* HexagonWave.app */ = {isa = PBXFileReference; explicitFileType = wrapper.application; includeInIndex = 0; path = HexagonWave.app; sourceTree = BUILT_PRODUCTS_DIR; };
		3D40575719D670CB000BBBC4 /* Info.plist */ = {isa = PBXFileReference; lastKnownFileType = text.plist.xml; path = Info.plist; sourceTree = "<group>"; };
		3D40575819D670CB000BBBC4 /* AppDelegate.swift */ = {isa = PBXFileReference; lastKnownFileType = sourcecode.swift; path = AppDelegate.swift; sourceTree = "<group>"; };
		3D40575A19D670CB000BBBC4 /* ViewController.swift */ = {isa = PBXFileReference; lastKnownFileType = sourcecode.swift; path = ViewController.swift; sourceTree = "<group>"; };
		3D40575D19D670CB000BBBC4 /* Base */ = {isa = PBXFileReference; lastKnownFileType = file.storyboard; name = Base; path = Base.lproj/Main.storyboard; sourceTree = "<group>"; };
		3D40575F19D670CB000BBBC4 /* Images.xcassets */ = {isa = PBXFileReference; lastKnownFileType = folder.assetcatalog; path = Images.xcassets; sourceTree = "<group>"; };
		3D40576219D670CB000BBBC4 /* Base */ = {isa = PBXFileReference; lastKnownFileType = file.xib; name = Base; path = Base.lproj/LaunchScreen.xib; sourceTree = "<group>"; };
		3D40576819D670CB000BBBC4 /* HexagonWaveTests.xctest */ = {isa = PBXFileReference; explicitFileType = wrapper.cfbundle; includeInIndex = 0; path = HexagonWaveTests.xctest; sourceTree = BUILT_PRODUCTS_DIR; };
		3D40576D19D670CB000BBBC4 /* Info.plist */ = {isa = PBXFileReference; lastKnownFileType = text.plist.xml; path = Info.plist; sourceTree = "<group>"; };
		3D40576E19D670CB000BBBC4 /* HexagonWaveTests.swift */ = {isa = PBXFileReference; lastKnownFileType = sourcecode.swift; path = HexagonWaveTests.swift; sourceTree = "<group>"; };
/* End PBXFileReference section */

/* Begin PBXFrameworksBuildPhase section */
		3D40575019D670CB000BBBC4 /* Frameworks */ = {
			isa = PBXFrameworksBuildPhase;
			buildActionMask = 2147483647;
			files = (
			);
			runOnlyForDeploymentPostprocessing = 0;
		};
		3D40576519D670CB000BBBC4 /* Frameworks */ = {
			isa = PBXFrameworksBuildPhase;
			buildActionMask = 2147483647;
			files = (
			);
			runOnlyForDeploymentPostprocessing = 0;
		};
/* End PBXFrameworksBuildPhase section */

/* Begin PBXGroup section */
		3D40574A19D670CB000BBBC4 = {
			isa = PBXGroup;
			children = (
				3D40575519D670CB000BBBC4 /* HexagonWave */,
				3D40576B19D670CB000BBBC4 /* HexagonWaveTests */,
				3D40575419D670CB000BBBC4 /* Products */,
			);
			sourceTree = "<group>";
		};
		3D40575419D670CB000BBBC4 /* Products */ = {
			isa = PBXGroup;
			children = (
				3D40575319D670CB000BBBC4 /* HexagonWave.app */,
				3D40576819D670CB000BBBC4 /* HexagonWaveTests.xctest */,
			);
			name = Products;
			sourceTree = "<group>";
		};
		3D40575519D670CB000BBBC4 /* HexagonWave */ = {
			isa = PBXGroup;
			children = (
				3D40575819D670CB000BBBC4 /* AppDelegate.swift */,
				3D40575A19D670CB000BBBC4 /* ViewController.swift */,
				3D40575C19D670CB000BBBC4 /* Main.storyboard */,
				3D40575F19D670CB000BBBC4 /* Images.xcassets */,
				3D40576119D670CB000BBBC4 /* LaunchScreen.xib */,
				3D40575619D670CB000BBBC4 /* Supporting Files */,
			);
			path = HexagonWave;
			sourceTree = "<group>";
		};
		3D40575619D670CB000BBBC4 /* Supporting Files */ = {
			isa = PBXGroup;
			children = (
				3D40575719D670CB000BBBC4 /* Info.plist */,
			);
			name = "Supporting Files";
			sourceTree = "<group>";
		};
		3D40576B19D670CB000BBBC4 /* HexagonWaveTests */ = {
			isa = PBXGroup;
			children = (
				3D40576E19D670CB000BBBC4 /* HexagonWaveTests.swift */,
				3D40576C19D670CB000BBBC4 /* Supporting Files */,
			);
			path = HexagonWaveTests;
			sourceTree = "<group>";
		};
		3D40576C19D670CB000BBBC4 /* Supporting Files */ = {
			isa = PBXGroup;
			children = (
				3D40576D19D670CB000BBBC4 /* Info.plist */,
			);
			name = "Supporting Files";
			sourceTree = "<group>";
		};
/* End PBXGroup section */

/* Begin PBXNativeTarget section */
		3D40575219D670CB000BBBC4 /* HexagonWave */ = {
			isa = PBXNativeTarget;
			buildConfigurationList = 3D40577219D670CB000BBBC4 /* Build configuration list for PBXNativeTarget "HexagonWave" */;
			buildPhases = (
				3D40574F19D670CB000BBBC4 /* Sources */,
				3D40575019D670CB000BBBC4 /* Frameworks */,
				3D40575119D670CB000BBBC4 /* Resources */,
			);
			buildRules = (
			);
			dependencies = (
			);
			name = HexagonWave;
			productName = HexagonWave;
			productReference = 3D40575319D670CB000BBBC4 /* HexagonWave.app */;
			productType = "com.apple.product-type.application";
		};
		3D40576719D670CB000BBBC4 /* HexagonWaveTests */ = {
			isa = PBXNativeTarget;
			buildConfigurationList = 3D40577519D670CB000BBBC4 /* Build configuration list for PBXNativeTarget "HexagonWaveTests" */;
			buildPhases = (
				3D40576419D670CB000BBBC4 /* Sources */,
				3D40576519D670CB000BBBC4 /* Frameworks */,
				3D40576619D670CB000BBBC4 /* Resources */,
			);
			buildRules = (
			);
			dependencies = (
				3D40576A19D670CB000BBBC4 /* PBXTargetDependency */,
			);
			name = HexagonWaveTests;
			productName = HexagonWaveTests;
			productReference = 3D40576819D670CB000BBBC4 /* HexagonWaveTests.xctest */;
			productType = "com.apple.product-type.bundle.unit-test";
		};
/* End PBXNativeTarget section */

/* Begin PBXProject section */
		3D40574B19D670CB000BBBC4 /* Project object */ = {
			isa = PBXProject;
			attributes = {
				LastUpgradeCheck = 0600;
				ORGANIZATIONNAME = "Sparks Labs";
				TargetAttributes = {
					3D40575219D670CB000BBBC4 = {
						CreatedOnToolsVersion = 6.0.1;
					};
					3D40576719D670CB000BBBC4 = {
						CreatedOnToolsVersion = 6.0.1;
						TestTargetID = 3D40575219D670CB000BBBC4;
					};
				};
			};
			buildConfigurationList = 3D40574E19D670CB000BBBC4 /* Build configuration list for PBXProject "HexagonWave" */;
			compatibilityVersion = "Xcode 3.2";
			developmentRegion = English;
			hasScannedForEncodings = 0;
			knownRegions = (
				en,
				Base,
			);
			mainGroup = 3D40574A19D670CB000BBBC4;
			productRefGroup = 3D40575419D670CB000BBBC4 /* Products */;
			projectDirPath = "";
			projectRoot = "";
			targets = (
				3D40575219D670CB000BBBC4 /* HexagonWave */,
				3D40576719D670CB000BBBC4 /* HexagonWaveTests */,
			);
		};
/* End PBXProject section */

/* Begin PBXResourcesBuildPhase section */
		3D40575119D670CB000BBBC4 /* Resources */ = {
			isa = PBXResourcesBuildPhase;
			buildActionMask = 2147483647;
			files = (
				3D40575E19D670CB000BBBC4 /* Main.storyboard in Resources */,
				3D40576319D670CB000BBBC4 /* LaunchScreen.xib in Resources */,
				3D40576019D670CB000BBBC4 /* Images.xcassets in Resources */,
			);
			runOnlyForDeploymentPostprocessing = 0;
		};
		3D40576619D670CB000BBBC4 /* Resources */ = {
			isa = PBXResourcesBuildPhase;
			buildActionMask = 2147483647;
			files = (
			);
			runOnlyForDeploymentPostprocessing = 0;
		};
/* End PBXResourcesBuildPhase section */

/* Begin PBXSourcesBuildPhase section */
		3D40574F19D670CB000BBBC4 /* Sources */ = {
			isa = PBXSourcesBuildPhase;
			buildActionMask = 2147483647;
			files = (
				3D40575B19D670CB000BBBC4 /* ViewController.swift in Sources */,
				3D40575919D670CB000BBBC4 /* AppDelegate.swift in Sources */,
			);
			runOnlyForDeploymentPostprocessing = 0;
		};
		3D40576419D670CB000BBBC4 /* Sources */ = {
			isa = PBXSourcesBuildPhase;
			buildActionMask = 2147483647;
			files = (
				3D40576F19D670CB000BBBC4 /* HexagonWaveTests.swift in Sources */,
			);
			runOnlyForDeploymentPostprocessing = 0;
		};
/* End PBXSourcesBuildPhase section */

/* Begin PBXTargetDependency section */
		3D40576A19D670CB000BBBC4 /* PBXTargetDependency */ = {
			isa = PBXTargetDependency;
			target = 3D40575219D670CB000BBBC4 /* HexagonWave */;
			targetProxy = 3D40576919D670CB000BBBC4 /* PBXContainerItemProxy */;
		};
/* End PBXTargetDependency section */

/* Begin PBXVariantGroup section */
		3D40575C19D670CB000BBBC4 /* Main.storyboard */ = {
			isa = PBXVariantGroup;
			children = (
				3D40575D19D670CB000BBBC4 /* Base */,
			);
			name = Main.storyboard;
			sourceTree = "<group>";
		};
		3D40576119D670CB000BBBC4 /* LaunchScreen.xib */ = {
			isa = PBXVariantGroup;
			children = (
				3D40576219D670CB000BBBC4 /* Base */,
			);
			name = LaunchScreen.xib;
			sourceTree = "<group>";
		};
/* End PBXVariantGroup section */

/* Begin XCBuildConfiguration section */
		3D40577019D670CB000BBBC4 /* Debug */ = {
			isa = XCBuildConfiguration;
			buildSettings = {
				ALWAYS_SEARCH_USER_PATHS = NO;
				CLANG_CXX_LANGUAGE_STANDARD = "gnu++0x";
				CLANG_CXX_LIBRARY = "libc++";
				CLANG_ENABLE_MODULES = YES;
				CLANG_ENABLE_OBJC_ARC = YES;
				CLANG_WARN_BOOL_CONVERSION = YES;
				CLANG_WARN_CONSTANT_CONVERSION = YES;
				CLANG_WARN_DIRECT_OBJC_ISA_USAGE = YES_ERROR;
				CLANG_WARN_EMPTY_BODY = YES;
				CLANG_WARN_ENUM_CONVERSION = YES;
				CLANG_WARN_INT_CONVERSION = YES;
				CLANG_WARN_OBJC_ROOT_CLASS = YES_ERROR;
				CLANG_WARN_UNREACHABLE_CODE = YES;
				CLANG_WARN__DUPLICATE_METHOD_MATCH = YES;
				"CODE_SIGN_IDENTITY[sdk=iphoneos*]" = "iPhone Developer";
				COPY_PHASE_STRIP = NO;
				ENABLE_STRICT_OBJC_MSGSEND = YES;
				GCC_C_LANGUAGE_STANDARD = gnu99;
				GCC_DYNAMIC_NO_PIC = NO;
				GCC_OPTIMIZATION_LEVEL = 0;
				GCC_PREPROCESSOR_DEFINITIONS = (
					"DEBUG=1",
					"$(inherited)",
				);
				GCC_SYMBOLS_PRIVATE_EXTERN = NO;
				GCC_WARN_64_TO_32_BIT_CONVERSION = YES;
				GCC_WARN_ABOUT_RETURN_TYPE = YES_ERROR;
				GCC_WARN_UNDECLARED_SELECTOR = YES;
				GCC_WARN_UNINITIALIZED_AUTOS = YES_AGGRESSIVE;
				GCC_WARN_UNUSED_FUNCTION = YES;
				GCC_WARN_UNUSED_VARIABLE = YES;
				IPHONEOS_DEPLOYMENT_TARGET = 8.0;
				MTL_ENABLE_DEBUG_INFO = YES;
				ONLY_ACTIVE_ARCH = YES;
				SDKROOT = iphoneos;
				SWIFT_OPTIMIZATION_LEVEL = "-Onone";
			};
			name = Debug;
		};
		3D40577119D670CB000BBBC4 /* Release */ = {
			isa = XCBuildConfiguration;
			buildSettings = {
				ALWAYS_SEARCH_USER_PATHS = NO;
				CLANG_CXX_LANGUAGE_STANDARD = "gnu++0x";
				CLANG_CXX_LIBRARY = "libc++";
				CLANG_ENABLE_MODULES = YES;
				CLANG_ENABLE_OBJC_ARC = YES;
				CLANG_WARN_BOOL_CONVERSION = YES;
				CLANG_WARN_CONSTANT_CONVERSION = YES;
				CLANG_WARN_DIRECT_OBJC_ISA_USAGE = YES_ERROR;
				CLANG_WARN_EMPTY_BODY = YES;
				CLANG_WARN_ENUM_CONVERSION = YES;
				CLANG_WARN_INT_CONVERSION = YES;
				CLANG_WARN_OBJC_ROOT_CLASS = YES_ERROR;
				CLANG_WARN_UNREACHABLE_CODE = YES;
				CLANG_WARN__DUPLICATE_METHOD_MATCH = YES;
				"CODE_SIGN_IDENTITY[sdk=iphoneos*]" = "iPhone Developer";
				COPY_PHASE_STRIP = YES;
				ENABLE_NS_ASSERTIONS = NO;
				ENABLE_STRICT_OBJC_MSGSEND = YES;
				GCC_C_LANGUAGE_STANDARD = gnu99;
				GCC_WARN_64_TO_32_BIT_CONVERSION = YES;
				GCC_WARN_ABOUT_RETURN_TYPE = YES_ERROR;
				GCC_WARN_UNDECLARED_SELECTOR = YES;
				GCC_WARN_UNINITIALIZED_AUTOS = YES_AGGRESSIVE;
				GCC_WARN_UNUSED_FUNCTION = YES;
				GCC_WARN_UNUSED_VARIABLE = YES;
				IPHONEOS_DEPLOYMENT_TARGET = 8.0;
				MTL_ENABLE_DEBUG_INFO = NO;
				SDKROOT = iphoneos;
				VALIDATE_PRODUCT = YES;
			};
			name = Release;
		};
		3D40577319D670CB000BBBC4 /* Debug */ = {
			isa = XCBuildConfiguration;
			buildSettings = {
				ASSETCATALOG_COMPILER_APPICON_NAME = AppIcon;
				INFOPLIST_FILE = HexagonWave/Info.plist;
				LD_RUNPATH_SEARCH_PATHS = "$(inherited) @executable_path/Frameworks";
				PRODUCT_NAME = "$(TARGET_NAME)";
			};
			name = Debug;
		};
		3D40577419D670CB000BBBC4 /* Release */ = {
			isa = XCBuildConfiguration;
			buildSettings = {
				ASSETCATALOG_COMPILER_APPICON_NAME = AppIcon;
				INFOPLIST_FILE = HexagonWave/Info.plist;
				LD_RUNPATH_SEARCH_PATHS = "$(inherited) @executable_path/Frameworks";
				PRODUCT_NAME = "$(TARGET_NAME)";
			};
			name = Release;
		};
		3D40577619D670CB000BBBC4 /* Debug */ = {
			isa = XCBuildConfiguration;
			buildSettings = {
				BUNDLE_LOADER = "$(TEST_HOST)";
				FRAMEWORK_SEARCH_PATHS = (
					"$(SDKROOT)/Developer/Library/Frameworks",
					"$(inherited)",
				);
				GCC_PREPROCESSOR_DEFINITIONS = (
					"DEBUG=1",
					"$(inherited)",
				);
				INFOPLIST_FILE = HexagonWaveTests/Info.plist;
				LD_RUNPATH_SEARCH_PATHS = "$(inherited) @executable_path/Frameworks @loader_path/Frameworks";
				PRODUCT_NAME = "$(TARGET_NAME)";
				TEST_HOST = "$(BUILT_PRODUCTS_DIR)/HexagonWave.app/HexagonWave";
			};
			name = Debug;
		};
		3D40577719D670CB000BBBC4 /* Release */ = {
			isa = XCBuildConfiguration;
			buildSettings = {
				BUNDLE_LOADER = "$(TEST_HOST)";
				FRAMEWORK_SEARCH_PATHS = (
					"$(SDKROOT)/Developer/Library/Frameworks",
					"$(inherited)",
				);
				INFOPLIST_FILE = HexagonWaveTests/Info.plist;
				LD_RUNPATH_SEARCH_PATHS = "$(inherited) @executable_path/Frameworks @loader_path/Frameworks";
				PRODUCT_NAME = "$(TARGET_NAME)";
				TEST_HOST = "$(BUILT_PRODUCTS_DIR)/HexagonWave.app/HexagonWave";
			};
			name = Release;
		};
/* End XCBuildConfiguration section */

/* Begin XCConfigurationList section */
		3D40574E19D670CB000BBBC4 /* Build configuration list for PBXProject "HexagonWave" */ = {
			isa = XCConfigurationList;
			buildConfigurations = (
				3D40577019D670CB000BBBC4 /* Debug */,
				3D40577119D670CB000BBBC4 /* Release */,
			);
			defaultConfigurationIsVisible = 0;
			defaultConfigurationName = Release;
		};
		3D40577219D670CB000BBBC4 /* Build configuration list for PBXNativeTarget "HexagonWave" */ = {
			isa = XCConfigurationList;
			buildConfigurations = (
				3D40577319D670CB000BBBC4 /* Debug */,
				3D40577419D670CB000BBBC4 /* Release */,
			);
			defaultConfigurationIsVisible = 0;
		};
		3D40577519D670CB000BBBC4 /* Build configuration list for PBXNativeTarget "HexagonWaveTests" */ = {
			isa = XCConfigurationList;
			buildConfigurations = (
				3D40577619D670CB000BBBC4 /* Debug */,
				3D40577719D670CB000BBBC4 /* Release */,
			);
			defaultConfigurationIsVisible = 0;
		};
/* End XCConfigurationList section */
	};
	rootObject = 3D40574B19D670CB000BBBC4 /* Project object */;
}
